
Microsoft Visual Studio Solution File, Format Version 12.00
# Visual Studio Version 16
VisualStudioVersion = 16.0.30309.148
MinimumVisualStudioVersion = 10.0.40219.1
Project("{FAE04EC0-301F-11D3-BF4B-00C04F79EFBC}") = "Day1_IO", "Day1_IO\Day1_IO.csproj", "{730185AE-5CFF-45DE-B75D-8E470FEF7161}"
EndProject
Global
	GlobalSection(SolutionConfigurationPlatforms) = preSolution
		Debug|Any CPU = Debug|Any CPU
		Release|Any CPU = Release|Any CPU
	EndGlobalSection
	GlobalSection(ProjectConfigurationPlatforms) = postSolution
		{730185AE-5CFF-45DE-B75D-8E470FEF7161}.Debug|Any CPU.ActiveCfg = Debug|Any CPU
		{730185AE-5CFF-45DE-B75D-8E470FEF7161}.Debug|Any CPU.Build.0 = Debug|Any CPU
		{730185AE-5CFF-45DE-B75D-8E470FEF7161}.Release|Any CPU.ActiveCfg = Release|Any CPU
		{730185AE-5CFF-45DE-B75D-8E470FEF7161}.Release|Any CPU.Build.0 = Release|Any CPU
	EndGlobalSection
	GlobalSection(SolutionProperties) = preSolution
		HideSolutionNode = FALSE
	EndGlobalSection
	GlobalSection(ExtensibilityGlobals) = postSolution
		SolutionGuid = {8B2265A2-21B3-40BB-960D-A95A260DF451}
	EndGlobalSection
EndGlobal
